PODS:
  - AppAuth (1.4.0):
    - AppAuth/Core (= 1.4.0)
    - AppAuth/ExternalUserAgent (= 1.4.0)
  - AppAuth/Core (1.4.0)
  - AppAuth/ExternalUserAgent (1.4.0)
  - FBAEMKit (12.1.0):
    - FBSDKCoreKit_Basics (= 12.1.0)
  - FBSDKCoreKit (12.1.0):
    - FBAEMKit (= 12.1.0)
    - FBSDKCoreKit_Basics (= 12.1.0)
  - FBSDKCoreKit_Basics (12.1.0)
  - FBSDKLoginKit (12.1.0):
    - FBSDKCoreKit (= 12.1.0)
  - Flutter (1.0.0)
  - flutter_facebook_auth (3.5.3):
    - FBSDKCoreKit (~> 12.1.0)
    - FBSDKLoginKit (~> 12.1.0)
    - Flutter
  - flutter_pdfview (1.0.2):
    - Flutter
  - FMDB (2.7.5):
    - FMDB/standard (= 2.7.5)
  - FMDB/standard (2.7.5)
  - google_sign_in (0.0.1):
    - Flutter
    - GoogleSignIn (~> 5.0)
  - GoogleSignIn (5.0.2):
    - AppAuth (~> 1.2)
    - GTMAppAuth (~> 1.0)
    - GTMSessionFetcher/Core (~> 1.1)
  - GTMAppAuth (1.2.2):
    - AppAuth/Core (~> 1.4)
    - GTMSessionFetcher/Core (~> 1.5)
  - GTMSessionFetcher/Core (1.7.0)
  - image_picker (0.0.1):
    - Flutter
  - jitsi_meet (0.0.1):
    - Flutter
    - JitsiMeetSDK (= 3.3.0)
  - JitsiMeetSDK (3.3.0)
  - package_info_plus (0.4.5):
    - Flutter
  - path_provider_ios (0.0.1):
    - Flutter
  - Sentry (7.5.4):
    - Sentry/Core (= 7.5.4)
  - Sentry/Core (7.5.4)
  - sentry_flutter (0.0.1):
    - Flutter
    - FlutterMacOS
    - Sentry (~> 7.5.1)
  - shared_preferences (0.0.1):
    - Flutter
  - sqflite (0.0.2):
    - Flutter
    - FMDB (>= 2.7.5)
  - url_launcher_ios (0.0.1):
    - Flutter
  - video_player (0.0.1):
    - Flutter

DEPENDENCIES:
  - Flutter (from `Flutter`)
  - flutter_facebook_auth (from `.symlinks/plugins/flutter_facebook_auth/ios`)
  - flutter_pdfview (from `.symlinks/plugins/flutter_pdfview/ios`)
  - google_sign_in (from `.symlinks/plugins/google_sign_in/ios`)
  - image_picker (from `.symlinks/plugins/image_picker/ios`)
  - jitsi_meet (from `.symlinks/plugins/jitsi_meet/ios`)
  - package_info_plus (from `.symlinks/plugins/package_info_plus/ios`)
  - path_provider_ios (from `.symlinks/plugins/path_provider_ios/ios`)
  - sentry_flutter (from `.symlinks/plugins/sentry_flutter/ios`)
  - shared_preferences (from `.symlinks/plugins/shared_preferences/ios`)
  - sqflite (from `.symlinks/plugins/sqflite/ios`)
  - url_launcher_ios (from `.symlinks/plugins/url_launcher_ios/ios`)
  - video_player (from `.symlinks/plugins/video_player/ios`)

SPEC REPOS:
  trunk:
    - AppAuth
    - FBAEMKit
    - FBSDKCoreKit
    - FBSDKCoreKit_Basics
    - FBSDKLoginKit
    - FMDB
    - GoogleSignIn
    - GTMAppAuth
    - GTMSessionFetcher
    - JitsiMeetSDK
    - Sentry

EXTERNAL SOURCES:
  Flutter:
    :path: Flutter
  flutter_facebook_auth:
    :path: ".symlinks/plugins/flutter_facebook_auth/ios"
  flutter_pdfview:
    :path: ".symlinks/plugins/flutter_pdfview/ios"
  google_sign_in:
    :path: ".symlinks/plugins/google_sign_in/ios"
  image_picker:
    :path: ".symlinks/plugins/image_picker/ios"
  jitsi_meet:
    :path: ".symlinks/plugins/jitsi_meet/ios"
  package_info_plus:
    :path: ".symlinks/plugins/package_info_plus/ios"
  path_provider_ios:
    :path: ".symlinks/plugins/path_provider_ios/ios"
  sentry_flutter:
    :path: ".symlinks/plugins/sentry_flutter/ios"
  shared_preferences:
    :path: ".symlinks/plugins/shared_preferences/ios"
  sqflite:
    :path: ".symlinks/plugins/sqflite/ios"
  url_launcher_ios:
    :path: ".symlinks/plugins/url_launcher_ios/ios"
  video_player:
    :path: ".symlinks/plugins/video_player/ios"

SPEC CHECKSUMS:
  AppAuth: 31bcec809a638d7bd2f86ea8a52bd45f6e81e7c7
  FBAEMKit: 56c0bb9b42e3747cd82b67934f0c2b19325382ea
  FBSDKCoreKit: 75368765d9c2303073145a7925dfaa9d60bcd77b
  FBSDKCoreKit_Basics: 39865aff97e5f6951a78fb3e89dc4460e35e1895
  FBSDKLoginKit: e993f97c7cc794c5da4056d8aec3c3d66033a727
  Flutter: 50d75fe2f02b26cc09d224853bb45737f8b3214a
  flutter_facebook_auth: dfd6b2563406c538098e2127512d385c9ffd70ad
  flutter_pdfview: 25f53dd6097661e6395b17de506e6060585946bd
  FMDB: 2ce00b547f966261cd18927a3ddb07cb6f3db82a
  google_sign_in: c5cecea71f3be43282263550556e311c4cc03582
  GoogleSignIn: 7137d297ddc022a7e0aa4619c86d72c909fa7213
  GTMAppAuth: ad5c2b70b9a8689e1a04033c9369c4915bfcbe89
  GTMSessionFetcher: 43748f93435c2aa068b1cbe39655aaf600652e91
  image_picker: 9aa50e1d8cdacdbed739e925b7eea16d014367e6
  jitsi_meet: a797e5ffdbc1da9d424c52b1bfe3b2a803b05e31
  JitsiMeetSDK: 3b1d3757f2166b28cd03f907b47091db064302b3
  package_info_plus: 6c92f08e1f853dc01228d6f553146438dafcd14e
  path_provider_ios: 7d7ce634493af4477d156294792024ec3485acd5
  Sentry: 5c5dd4005f3b7b9765d5a8871232cddbd0d888b7
  sentry_flutter: 4cd99764f9fe01c9415790d1f3fb1c7fd3a5cbe9
  shared_preferences: af6bfa751691cdc24be3045c43ec037377ada40d
  sqflite: 6d358c025f5b867b29ed92fc697fd34924e11904
  url_launcher_ios: 02f1989d4e14e998335b02b67a7590fa34f971af
  video_player: ecd305f42e9044793efd34846e1ce64c31ea6fcb

PODFILE CHECKSUM: a7ae99ad71c6c60657e7ec9f9469f63e7a0b816d

COCOAPODS: 1.11.2
